// !$*UTF8*$!
{
	archiveVersion = 1;
	classes = {
	};
	objectVersion = 46;
	objects = {

/* Begin PBXBuildFile section */
		003CC9371AE710A2001503F1 /* AppDelegate.swift in Sources */ = {isa = PBXBuildFile; fileRef = 003CC9361AE710A2001503F1 /* AppDelegate.swift */; };
		003CC93C1AE710A2001503F1 /* Main.storyboard in Resources */ = {isa = PBXBuildFile; fileRef = 003CC93A1AE710A2001503F1 /* Main.storyboard */; };
		003CC93E1AE710A2001503F1 /* Images.xcassets in Resources */ = {isa = PBXBuildFile; fileRef = 003CC93D1AE710A2001503F1 /* Images.xcassets */; };
		003CC9411AE710A2001503F1 /* LaunchScreen.xib in Resources */ = {isa = PBXBuildFile; fileRef = 003CC93F1AE710A2001503F1 /* LaunchScreen.xib */; };
		003CC94D1AE710A2001503F1 /* MidTermCalcMBTests.swift in Sources */ = {isa = PBXBuildFile; fileRef = 003CC94C1AE710A2001503F1 /* MidTermCalcMBTests.swift */; };
		003CC9571AE71462001503F1 /* CalculatorViewController.swift in Sources */ = {isa = PBXBuildFile; fileRef = 003CC9561AE71462001503F1 /* CalculatorViewController.swift */; };
/* End PBXBuildFile section */

/* Begin PBXContainerItemProxy section */
		003CC9471AE710A2001503F1 /* PBXContainerItemProxy */ = {
			isa = PBXContainerItemProxy;
			containerPortal = 003CC9291AE710A2001503F1 /* Project object */;
			proxyType = 1;
			remoteGlobalIDString = 003CC9301AE710A2001503F1;
			remoteInfo = MidTermCalcMB;
		};
/* End PBXContainerItemProxy section */

/* Begin PBXFileReference section */
		003CC9311AE710A2001503F1 /* MidTermCalcMB.app */ = {isa = PBXFileReference; explicitFileType = wrapper.application; includeInIndex = 0; path = MidTermCalcMB.app; sourceTree = BUILT_PRODUCTS_DIR; };
		003CC9351AE710A2001503F1 /* Info.plist */ = {isa = PBXFileReference; lastKnownFileType = text.plist.xml; path = Info.plist; sourceTree = "<group>"; };
		003CC9361AE710A2001503F1 /* AppDelegate.swift */ = {isa = PBXFileReference; lastKnownFileType = sourcecode.swift; path = AppDelegate.swift; sourceTree = "<group>"; };
		003CC93B1AE710A2001503F1 /* Base */ = {isa = PBXFileReference; lastKnownFileType = file.storyboard; name = Base; path = Base.lproj/Main.storyboard; sourceTree = "<group>"; };
		003CC93D1AE710A2001503F1 /* Images.xcassets */ = {isa = PBXFileReference; lastKnownFileType = folder.assetcatalog; path = Images.xcassets; sourceTree = "<group>"; };
		003CC9401AE710A2001503F1 /* Base */ = {isa = PBXFileReference; lastKnownFileType = file.xib; name = Base; path = Base.lproj/LaunchScreen.xib; sourceTree = "<group>"; };
		003CC9461AE710A2001503F1 /* MidTermCalcMBTests.xctest */ = {isa = PBXFileReference; explicitFileType = wrapper.cfbundle; includeInIndex = 0; path = MidTermCalcMBTests.xctest; sourceTree = BUILT_PRODUCTS_DIR; };
		003CC94B1AE710A2001503F1 /* Info.plist */ = {isa = PBXFileReference; lastKnownFileType = text.plist.xml; path = Info.plist; sourceTree = "<group>"; };
		003CC94C1AE710A2001503F1 /* MidTermCalcMBTests.swift */ = {isa = PBXFileReference; lastKnownFileType = sourcecode.swift; path = MidTermCalcMBTests.swift; sourceTree = "<group>"; };
		003CC9561AE71462001503F1 /* CalculatorViewController.swift */ = {isa = PBXFileReference; fileEncoding = 4; lastKnownFileType = sourcecode.swift; path = CalculatorViewController.swift; sourceTree = "<group>"; };
/* End PBXFileReference section */

/* Begin PBXFrameworksBuildPhase section */
		003CC92E1AE710A2001503F1 /* Frameworks */ = {
			isa = PBXFrameworksBuildPhase;
			buildActionMask = 2147483647;
			files = (
			);
			runOnlyForDeploymentPostprocessing = 0;
		};
		003CC9431AE710A2001503F1 /* Frameworks */ = {
			isa = PBXFrameworksBuildPhase;
			buildActionMask = 2147483647;
			files = (
			);
			runOnlyForDeploymentPostprocessing = 0;
		};
/* End PBXFrameworksBuildPhase section */

/* Begin PBXGroup section */
		003CC9281AE710A2001503F1 = {
			isa = PBXGroup;
			children = (
				003CC9331AE710A2001503F1 /* MidTermCalcMB */,
				003CC9491AE710A2001503F1 /* MidTermCalcMBTests */,
				003CC9321AE710A2001503F1 /* Products */,
			);
			sourceTree = "<group>";
		};
		003CC9321AE710A2001503F1 /* Products */ = {
			isa = PBXGroup;
			children = (
				003CC9311AE710A2001503F1 /* MidTermCalcMB.app */,
				003CC9461AE710A2001503F1 /* MidTermCalcMBTests.xctest */,
			);
			name = Products;
			sourceTree = "<group>";
		};
		003CC9331AE710A2001503F1 /* MidTermCalcMB */ = {
			isa = PBXGroup;
			children = (
				003CC9361AE710A2001503F1 /* AppDelegate.swift */,
				003CC9561AE71462001503F1 /* CalculatorViewController.swift */,
				003CC93A1AE710A2001503F1 /* Main.storyboard */,
				003CC93D1AE710A2001503F1 /* Images.xcassets */,
				003CC93F1AE710A2001503F1 /* LaunchScreen.xib */,
				003CC9341AE710A2001503F1 /* Supporting Files */,
			);
			path = MidTermCalcMB;
			sourceTree = "<group>";
		};
		003CC9341AE710A2001503F1 /* Supporting Files */ = {
			isa = PBXGroup;
			children = (
				003CC9351AE710A2001503F1 /* Info.plist */,
			);
			name = "Supporting Files";
			sourceTree = "<group>";
		};
		003CC9491AE710A2001503F1 /* MidTermCalcMBTests */ = {
			isa = PBXGroup;
			children = (
				003CC94C1AE710A2001503F1 /* MidTermCalcMBTests.swift */,
				003CC94A1AE710A2001503F1 /* Supporting Files */,
			);
			path = MidTermCalcMBTests;
			sourceTree = "<group>";
		};
		003CC94A1AE710A2001503F1 /* Supporting Files */ = {
			isa = PBXGroup;
			children = (
				003CC94B1AE710A2001503F1 /* Info.plist */,
			);
			name = "Supporting Files";
			sourceTree = "<group>";
		};
/* End PBXGroup section */

/* Begin PBXNativeTarget section */
		003CC9301AE710A2001503F1 /* MidTermCalcMB */ = {
			isa = PBXNativeTarget;
			buildConfigurationList = 003CC9501AE710A2001503F1 /* Build configuration list for PBXNativeTarget "MidTermCalcMB" */;
			buildPhases = (
				003CC92D1AE710A2001503F1 /* Sources */,
				003CC92E1AE710A2001503F1 /* Frameworks */,
				003CC92F1AE710A2001503F1 /* Resources */,
			);
			buildRules = (
			);
			dependencies = (
			);
			name = MidTermCalcMB;
			productName = MidTermCalcMB;
			productReference = 003CC9311AE710A2001503F1 /* MidTermCalcMB.app */;
			productType = "com.apple.product-type.application";
		};
		003CC9451AE710A2001503F1 /* MidTermCalcMBTests */ = {
			isa = PBXNativeTarget;
			buildConfigurationList = 003CC9531AE710A2001503F1 /* Build configuration list for PBXNativeTarget "MidTermCalcMBTests" */;
			buildPhases = (
				003CC9421AE710A2001503F1 /* Sources */,
				003CC9431AE710A2001503F1 /* Frameworks */,
				003CC9441AE710A2001503F1 /* Resources */,
			);
			buildRules = (
			);
			dependencies = (
				003CC9481AE710A2001503F1 /* PBXTargetDependency */,
			);
			name = MidTermCalcMBTests;
			productName = MidTermCalcMBTests;
			productReference = 003CC9461AE710A2001503F1 /* MidTermCalcMBTests.xctest */;
			productType = "com.apple.product-type.bundle.unit-test";
		};
/* End PBXNativeTarget section */

/* Begin PBXProject section */
		003CC9291AE710A2001503F1 /* Project object */ = {
			isa = PBXProject;
			attributes = {
				LastUpgradeCheck = 0630;
				ORGANIZATIONNAME = "Michael Blanchard";
				TargetAttributes = {
					003CC9301AE710A2001503F1 = {
						CreatedOnToolsVersion = 6.3.1;
					};
					003CC9451AE710A2001503F1 = {
						CreatedOnToolsVersion = 6.3.1;
						TestTargetID = 003CC9301AE710A2001503F1;
					};
				};
			};
			buildConfigurationList = 003CC92C1AE710A2001503F1 /* Build configuration list for PBXProject "MidTermCalcMB" */;
			compatibilityVersion = "Xcode 3.2";
			developmentRegion = English;
			hasScannedForEncodings = 0;
			knownRegions = (
				en,
				Base,
			);
			mainGroup = 003CC9281AE710A2001503F1;
			productRefGroup = 003CC9321AE710A2001503F1 /* Products */;
			projectDirPath = "";
			projectRoot = "";
			targets = (
				003CC9301AE710A2001503F1 /* MidTermCalcMB */,
				003CC9451AE710A2001503F1 /* MidTermCalcMBTests */,
			);
		};
/* End PBXProject section */

/* Begin PBXResourcesBuildPhase section */
		003CC92F1AE710A2001503F1 /* Resources */ = {
			isa = PBXResourcesBuildPhase;
			buildActionMask = 2147483647;
			files = (
				003CC93C1AE710A2001503F1 /* Main.storyboard in Resources */,
				003CC9411AE710A2001503F1 /* LaunchScreen.xib in Resources */,
				003CC93E1AE710A2001503F1 /* Images.xcassets in Resources */,
			);
			runOnlyForDeploymentPostprocessing = 0;
		};
		003CC9441AE710A2001503F1 /* Resources */ = {
			isa = PBXResourcesBuildPhase;
			buildActionMask = 2147483647;
			files = (
			);
			runOnlyForDeploymentPostprocessing = 0;
		};
/* End PBXResourcesBuildPhase section */

/* Begin PBXSourcesBuildPhase section */
		003CC92D1AE710A2001503F1 /* Sources */ = {
			isa = PBXSourcesBuildPhase;
			buildActionMask = 2147483647;
			files = (
				003CC9571AE71462001503F1 /* CalculatorViewController.swift in Sources */,
				003CC9371AE710A2001503F1 /* AppDelegate.swift in Sources */,
			);
			runOnlyForDeploymentPostprocessing = 0;
		};
		003CC9421AE710A2001503F1 /* Sources */ = {
			isa = PBXSourcesBuildPhase;
			buildActionMask = 2147483647;
			files = (
				003CC94D1AE710A2001503F1 /* MidTermCalcMBTests.swift in Sources */,
			);
			runOnlyForDeploymentPostprocessing = 0;
		};
/* End PBXSourcesBuildPhase section */

/* Begin PBXTargetDependency section */
		003CC9481AE710A2001503F1 /* PBXTargetDependency */ = {
			isa = PBXTargetDependency;
			target = 003CC9301AE710A2001503F1 /* MidTermCalcMB */;
			targetProxy = 003CC9471AE710A2001503F1 /* PBXContainerItemProxy */;
		};
/* End PBXTargetDependency section */

/* Begin PBXVariantGroup section */
		003CC93A1AE710A2001503F1 /* Main.storyboard */ = {
			isa = PBXVariantGroup;
			children = (
				003CC93B1AE710A2001503F1 /* Base */,
			);
			name = Main.storyboard;
			sourceTree = "<group>";
		};
		003CC93F1AE710A2001503F1 /* LaunchScreen.xib */ = {
			isa = PBXVariantGroup;
			children = (
				003CC9401AE710A2001503F1 /* Base */,
			);
			name = LaunchScreen.xib;
			sourceTree = "<group>";
		};
/* End PBXVariantGroup section */

/* Begin XCBuildConfiguration section */
		003CC94E1AE710A2001503F1 /* Debug */ = {
			isa = XCBuildConfiguration;
			buildSettings = {
				ALWAYS_SEARCH_USER_PATHS = NO;
				CLANG_CXX_LANGUAGE_STANDARD = "gnu++0x";
				CLANG_CXX_LIBRARY = "libc++";
				CLANG_ENABLE_MODULES = YES;
				CLANG_ENABLE_OBJC_ARC = YES;
				CLANG_WARN_BOOL_CONVERSION = YES;
				CLANG_WARN_CONSTANT_CONVERSION = YES;
				CLANG_WARN_DIRECT_OBJC_ISA_USAGE = YES_ERROR;
				CLANG_WARN_EMPTY_BODY = YES;
				CLANG_WARN_ENUM_CONVERSION = YES;
				CLANG_WARN_INT_CONVERSION = YES;
				CLANG_WARN_OBJC_ROOT_CLASS = YES_ERROR;
				CLANG_WARN_UNREACHABLE_CODE = YES;
				CLANG_WARN__DUPLICATE_METHOD_MATCH = YES;
				"CODE_SIGN_IDENTITY[sdk=iphoneos*]" = "iPhone Developer";
				COPY_PHASE_STRIP = NO;
				DEBUG_INFORMATION_FORMAT = "dwarf-with-dsym";
				ENABLE_STRICT_OBJC_MSGSEND = YES;
				GCC_C_LANGUAGE_STANDARD = gnu99;
				GCC_DYNAMIC_NO_PIC = NO;
				GCC_NO_COMMON_BLOCKS = YES;
				GCC_OPTIMIZATION_LEVEL = 0;
				GCC_PREPROCESSOR_DEFINITIONS = (
					"DEBUG=1",
					"$(inherited)",
				);
				GCC_SYMBOLS_PRIVATE_EXTERN = NO;
				GCC_WARN_64_TO_32_BIT_CONVERSION = YES;
				GCC_WARN_ABOUT_RETURN_TYPE = YES_ERROR;
				GCC_WARN_UNDECLARED_SELECTOR = YES;
				GCC_WARN_UNINITIALIZED_AUTOS = YES_AGGRESSIVE;
				GCC_WARN_UNUSED_FUNCTION = YES;
				GCC_WARN_UNUSED_VARIABLE = YES;
				IPHONEOS_DEPLOYMENT_TARGET = 8.3;
				MTL_ENABLE_DEBUG_INFO = YES;
				ONLY_ACTIVE_ARCH = YES;
				SDKROOT = iphoneos;
				SWIFT_OPTIMIZATION_LEVEL = "-Onone";
			};
			name = Debug;
		};
		003CC94F1AE710A2001503F1 /* Release */ = {
			isa = XCBuildConfiguration;
			buildSettings = {
				ALWAYS_SEARCH_USER_PATHS = NO;
				CLANG_CXX_LANGUAGE_STANDARD = "gnu++0x";
				CLANG_CXX_LIBRARY = "libc++";
				CLANG_ENABLE_MODULES = YES;
				CLANG_ENABLE_OBJC_ARC = YES;
				CLANG_WARN_BOOL_CONVERSION = YES;
				CLANG_WARN_CONSTANT_CONVERSION = YES;
				CLANG_WARN_DIRECT_OBJC_ISA_USAGE = YES_ERROR;
				CLANG_WARN_EMPTY_BODY = YES;
				CLANG_WARN_ENUM_CONVERSION = YES;
				CLANG_WARN_INT_CONVERSION = YES;
				CLANG_WARN_OBJC_ROOT_CLASS = YES_ERROR;
				CLANG_WARN_UNREACHABLE_CODE = YES;
				CLANG_WARN__DUPLICATE_METHOD_MATCH = YES;
				"CODE_SIGN_IDENTITY[sdk=iphoneos*]" = "iPhone Developer";
				COPY_PHASE_STRIP = NO;
				DEBUG_INFORMATION_FORMAT = "dwarf-with-dsym";
				ENABLE_NS_ASSERTIONS = NO;
				ENABLE_STRICT_OBJC_MSGSEND = YES;
				GCC_C_LANGUAGE_STANDARD = gnu99;
				GCC_NO_COMMON_BLOCKS = YES;
				GCC_WARN_64_TO_32_BIT_CONVERSION = YES;
				GCC_WARN_ABOUT_RETURN_TYPE = YES_ERROR;
				GCC_WARN_UNDECLARED_SELECTOR = YES;
				GCC_WARN_UNINITIALIZED_AUTOS = YES_AGGRESSIVE;
				GCC_WARN_UNUSED_FUNCTION = YES;
				GCC_WARN_UNUSED_VARIABLE = YES;
				IPHONEOS_DEPLOYMENT_TARGET = 8.3;
				MTL_ENABLE_DEBUG_INFO = NO;
				SDKROOT = iphoneos;
				VALIDATE_PRODUCT = YES;
			};
			name = Release;
		};
		003CC9511AE710A2001503F1 /* Debug */ = {
			isa = XCBuildConfiguration;
			buildSettings = {
				ASSETCATALOG_COMPILER_APPICON_NAME = AppIcon;
				INFOPLIST_FILE = MidTermCalcMB/Info.plist;
				LD_RUNPATH_SEARCH_PATHS = "$(inherited) @executable_path/Frameworks";
				PRODUCT_NAME = "$(TARGET_NAME)";
			};
			name = Debug;
		};
		003CC9521AE710A2001503F1 /* Release */ = {
			isa = XCBuildConfiguration;
			buildSettings = {
				ASSETCATALOG_COMPILER_APPICON_NAME = AppIcon;
				INFOPLIST_FILE = MidTermCalcMB/Info.plist;
				LD_RUNPATH_SEARCH_PATHS = "$(inherited) @executable_path/Frameworks";
				PRODUCT_NAME = "$(TARGET_NAME)";
			};
			name = Release;
		};
		003CC9541AE710A2001503F1 /* Debug */ = {
			isa = XCBuildConfiguration;
			buildSettings = {
				BUNDLE_LOADER = "$(TEST_HOST)";
				FRAMEWORK_SEARCH_PATHS = (
					"$(SDKROOT)/Developer/Library/Frameworks",
					"$(inherited)",
				);
				GCC_PREPROCESSOR_DEFINITIONS = (
					"DEBUG=1",
					"$(inherited)",
				);
				INFOPLIST_FILE = MidTermCalcMBTests/Info.plist;
				LD_RUNPATH_SEARCH_PATHS = "$(inherited) @executable_path/Frameworks @loader_path/Frameworks";
				PRODUCT_NAME = "$(TARGET_NAME)";
				TEST_HOST = "$(BUILT_PRODUCTS_DIR)/MidTermCalcMB.app/MidTermCalcMB";
			};
			name = Debug;
		};
		003CC9551AE710A2001503F1 /* Release */ = {
			isa = XCBuildConfiguration;
			buildSettings = {
				BUNDLE_LOADER = "$(TEST_HOST)";
				FRAMEWORK_SEARCH_PATHS = (
					"$(SDKROOT)/Developer/Library/Frameworks",
					"$(inherited)",
				);
				INFOPLIST_FILE = MidTermCalcMBTests/Info.plist;
				LD_RUNPATH_SEARCH_PATHS = "$(inherited) @executable_path/Frameworks @loader_path/Frameworks";
				PRODUCT_NAME = "$(TARGET_NAME)";
				TEST_HOST = "$(BUILT_PRODUCTS_DIR)/MidTermCalcMB.app/MidTermCalcMB";
			};
			name = Release;
		};
/* End XCBuildConfiguration section */

/* Begin XCConfigurationList section */
		003CC92C1AE710A2001503F1 /* Build configuration list for PBXProject "MidTermCalcMB" */ = {
			isa = XCConfigurationList;
			buildConfigurations = (
				003CC94E1AE710A2001503F1 /* Debug */,
				003CC94F1AE710A2001503F1 /* Release */,
			);
			defaultConfigurationIsVisible = 0;
			defaultConfigurationName = Release;
		};
		003CC9501AE710A2001503F1 /* Build configuration list for PBXNativeTarget "MidTermCalcMB" */ = {
			isa = XCConfigurationList;
			buildConfigurations = (
				003CC9511AE710A2001503F1 /* Debug */,
				003CC9521AE710A2001503F1 /* Release */,
			);
			defaultConfigurationIsVisible = 0;
		};
		003CC9531AE710A2001503F1 /* Build configuration list for PBXNativeTarget "MidTermCalcMBTests" */ = {
			isa = XCConfigurationList;
			buildConfigurations = (
				003CC9541AE710A2001503F1 /* Debug */,
				003CC9551AE710A2001503F1 /* Release */,
			);
			defaultConfigurationIsVisible = 0;
		};
/* End XCConfigurationList section */
	};
	rootObject = 003CC9291AE710A2001503F1 /* Project object */;
}
